{
    "_meta": {
        "hash": {
            "sha256": "d16755e4e4d4b32dbd7305d67cbd7d3a6ac9b02ab1379974fd10b881e31f89fb"
        },
        "pipfile-spec": 6,
        "requires": {
            "python_version": "3.8"
        },
        "sources": [
            {
                "name": "pypi",
                "url": "https://pypi.org/simple",
                "verify_ssl": true
            }
        ]
    },
    "default": {
        "asgiref": {
            "hashes": [
                "sha256:7e51911ee147dd685c3c8b805c0ad0cb58d360987b56953878f8c06d2d1c6f1a",
                "sha256:9fc6fb5d39b8af147ba40765234fa822b39818b12cc80b35ad9b0cef3a476aed"
            ],
            "index": "pypi",
            "version": "==3.2.10"
        },
        "blis": {
            "hashes": [
                "sha256:19557b14763253ca3d4f6cfc9c9fe2eed3d65db14fa273ced8b0c17ce2bfda4a",
                "sha256:221eef1b351063b0eb6682c7af2916884ce6c5015d95f6a28b7e45bea35e493c",
                "sha256:3917491f366467a7339997dcfe501a282409cc50f461c6e1491d342a424442f1",
                "sha256:55bacf2a1eb72ae728b665ac46433bcfee670de84f9bdf99987adf836fd92309",
                "sha256:59cc549e904fd4169105f92d6fac94495eca228c357232f29444ae79981af974",
                "sha256:6e65ef84205fadc1c41e59bd9d0d67fca8c41d463761b2dfe447003840172062",
                "sha256:7f3e9564023e59a0abe9642a94408b3d2fe05ff205d800d512a67828b61819a8",
                "sha256:9130e194f01124975a7bd76b8b65550f1f308610d596ec1992280b656e0c11be",
                "sha256:ae53b880a1bca8115f1edccfa6e8800661c71347f9b75ed3f1af8549f080dd6b",
                "sha256:b0fa63e4ca21a189698ca764367ae91ccba2274d885563c81205c1ac09f36fa6",
                "sha256:c04165d196e16f652d21c2d1403a55fbae8721d74dbca1668fdfec6766687a12",
                "sha256:ca0bccd31a216931ada487264ad07fa64a0b5a42b51c80cdebb1d3764b813d3b",
                "sha256:e4e8b0dfd32e12f6d380b77a916ef15793756b856d8b00453a7d0ed4ba29f9ea"
            ],
            "markers": "python_version >= '3.6'",
            "version": "==0.7.3"
        },
        "catalogue": {
            "hashes": [
                "sha256:584d78e7f4c3c6e2fd498eb56dfc8ef1f4ff738480237de2ccd26cbe2cf47172",
                "sha256:d74d1d856c6b36a37bf14aa6dbbc27d0582667b7ab979a6108e61a575e8723f5"
            ],
            "markers": "python_version >= '2.7' and python_version not in '3.0, 3.1, 3.2, 3.3'",
            "version": "==1.0.0"
        },
        "certifi": {
            "hashes": [
                "sha256:5930595817496dd21bb8dc35dad090f1c2cd0adfaf21204bf6732ca5d8ee34d3",
                "sha256:8fc0819f1f30ba15bdb34cceffb9ef04d99f420f68eb75d901e9560b8749fc41"
            ],
            "index": "pypi",
            "version": "==2020.6.20"
        },
        "chardet": {
            "hashes": [
                "sha256:84ab92ed1c4d4f16916e05906b6b75a6c0fb5db821cc65e70cbd64a3e2a5eaae",
                "sha256:fc323ffcaeaed0e0a02bf4d117757b98aed530d9ed4531e3e15460124c106691"
            ],
            "index": "pypi",
            "version": "==3.0.4"
        },
        "click": {
            "hashes": [
                "sha256:d2b5255c7c6349bc1bd1e59e08cd12acbbd63ce649f2588755783aa94dfb6b1a",
                "sha256:dacca89f4bfadd5de3d7489b7c8a566eee0d3676333fbb50030263894c38c0dc"
            ],
            "markers": "python_version >= '2.7' and python_version not in '3.0, 3.1, 3.2, 3.3, 3.4'",
            "version": "==7.1.2"
        },
        "cymem": {
            "hashes": [
                "sha256:02c3994ee57003dd57d9a34417beb9597e51176e9378a757344347b72510ce8d",
                "sha256:0f169ee07f30c2674ca811693cb13857e236dd7f92b4bc47b0f2bb201e27cc93",
                "sha256:2baabeb408e4aaa0f51d7f6d8c53dd05f56decf34fb3f1f3180abe8755815890",
                "sha256:2d40dfa4b4edf64541192966c67c2706e5058a9c6ce0bdc356e4d6ef1935c9ae",
                "sha256:45b01ee36ce15aab6df041b4128de38016e3934274b934c44fec43de5100b64c",
                "sha256:58f49a51bd8b76b260f38f8274ec2e4613c328423e0b543a503834de32dfa3c4",
                "sha256:60b5d969f305a7598d86f34c93c37eb52b3388681e70b98081864f0f185da768",
                "sha256:65e5759179b311b8350b82b29744324366e270f96095b16a8e249c73c3f9273f",
                "sha256:7bb5791fde8dffa02005f158f5c98d64962adaf8501dac7a9b8156b8767c9a34",
                "sha256:a61684d01a1413049e9874e073c9577d406d866eabe0d167c5ee15bbeae090a6",
                "sha256:a61a4702dcc50ebd31fb86a90d1aba5526245af592d756c39c63d58d53360afc",
                "sha256:ae283889f6f0036fb34d12358fe052d4ea9f5724f05177317f33f302f304b47c",
                "sha256:f8f280f0aef46d32655b1b24ff049bea83b63365604b6c2decb112b44ed851fe"
            ],
            "version": "==2.0.4"
        },
        "cython": {
            "hashes": [
                "sha256:03f6bbb380ad0acb744fb06e42996ea217e9d00016ca0ff6f2e7d60f580d0360",
                "sha256:05e8cfd3a3a6087aec49a1ae08a89171db991956209406d1e5576f9db70ece52",
                "sha256:05eb79efc8029d487251c8a2702a909a8ba33c332e06d2f3980866541bd81253",
                "sha256:094d28a34c3fa992ae02aea1edbe6ff89b3cc5870b6ee38b5baeb805dc57b013",
                "sha256:0c70e842e52e2f50cc43bad43b5e5bc515f30821a374e544abb0e0746f2350ff",
                "sha256:1dcdaa319558eb924294a554dcf6c12383ec947acc7e779e8d3622409a7f7d28",
                "sha256:1fc5bdda28f25fec44e4721677458aa509d743cd350862270309d61aa148d6ff",
                "sha256:280573a01d9348d44a42d6a9c651d9f7eb1fe9217df72555b2a118f902996a10",
                "sha256:298ceca7b0f0da4205fcb0b7c9ac9e120e2dafffd5019ba1618e84ef89434b5a",
                "sha256:4074a8bff0040035673cc6dd365a762476d6bff4d03d8ce6904e3e53f9a25dc8",
                "sha256:41e7068e95fbf9ec94b41437f989caf9674135e770a39cdb9c00de459bafd1bc",
                "sha256:47e5e1502d52ef03387cf9d3b3241007961a84a466e58a3b74028e1dd4957f8c",
                "sha256:521340844cf388d109ceb61397f3fd5250ccb622a1a8e93559e8de76c80940a9",
                "sha256:6c53338c1811f8c6d7f8cb7abd874810b15045e719e8207f957035c9177b4213",
                "sha256:75c2dda47dcc3c77449712b1417bb6b89ec3b7b02e18c64262494dceffdf455e",
                "sha256:773c5a98e463b52f7e8197254b39b703a5ea1972aef3a94b3b921515d77dd041",
                "sha256:78c3068dcba300d473fef57cdf523e34b37de522f5a494ef9ee1ac9b4b8bbe3f",
                "sha256:7bc18fc5a170f2c1cef5387a3d997c28942918bbee0f700e73fd2178ee8d474d",
                "sha256:7f89eff20e4a7a64b55210dac17aea711ed8a3f2e78f2ff784c0e984302583dd",
                "sha256:89458b49976b1dee5d89ab4ac943da3717b4292bf624367e862e4ee172fcce99",
                "sha256:986f871c0fa649b293061236b93782d25c293a8dd8117c7ba05f8a61bdc261ae",
                "sha256:a0f495a4fe5278aab278feee35e6102efecde5176a8a74dd28c28e3fc5c8d7c7",
                "sha256:a14aa436586c41633339415de82a41164691d02d3e661038da533be5d40794a5",
                "sha256:b8ab3ab38afc47d8f4fe629b836243544351cef681b6bdb1dc869028d6fdcbfb",
                "sha256:bb487881608ebd293592553c618f0c83316f4f13a64cb18605b1d2fb9fd3da3e",
                "sha256:c0b24bfe3431b3cb7ced323bca813dbd13aca973a1475b512d3331fd0de8ec60",
                "sha256:c7894c06205166d360ab2915ae306d1f7403e9ce3d3aaeff4095eaf98e42ce66",
                "sha256:d4039bb7f234ad32267c55e72fd49fb56078ea102f9d9d8559f6ec34d4887630",
                "sha256:e4d6bb8703d0319eb04b7319b12ea41580df44fd84d83ccda13ea463c6801414",
                "sha256:e8fab9911fd2fa8e5af407057cb8bdf87762f983cba483fa3234be20a9a0af77",
                "sha256:f3818e578e687cdb21dc4aa4a3bc6278c656c9c393e9eda14dd04943f478863d",
                "sha256:fe666645493d72712c46e4fbe8bec094b06aec3c337400479e9704439c9d9586"
            ],
            "markers": "python_version >= '2.6' and python_version not in '3.0, 3.1, 3.2, 3.3'",
            "version": "==0.29.14"
        },
        "django": {
            "hashes": [
                "sha256:59c8125ca873ed3bdae9c12b146fbbd6ed8d0f743e4cf5f5817af50c51f1fc2f",
                "sha256:b5fbb818e751f660fa2d576d9f40c34a4c615c8b48dd383f5216e609f383371f"
            ],
            "index": "pypi",
            "version": "==3.1.1"
        },
        "gensim": {
            "hashes": [
                "sha256:05bfc02e102a34c9c795095b688b1b4aaa2529c624821368c9c3ea6a16536f77",
                "sha256:1e3d66c2eec494376fc599701d9c2868549aed6e93e47177e39217f0188e2d88",
                "sha256:22f45fd239cacd0e3715ac447a2c8a5eea02e730ec1f701c55b359e9298e63a8",
                "sha256:3af62709369331c85552fd26caa21504baa64accc426dc094172f5c688750013",
                "sha256:41dcf6ecdc9acc657157967c791b8cbaba90ee6391f64efd28339b72f5e0c327",
                "sha256:440700e29b494bc2e1d52e14b69a821f46ab09ecf85cf36c8988f18e1d6c7a8b",
                "sha256:4e34cf2e50f3eab3e303da46089ea4972567bf216e28f7535ada155770784ac8",
                "sha256:61eed1d6b5fbe6dda0586ea447ebc2dc7890a7f70c2ed953d5abc3fe3cfb94bb",
                "sha256:637fc5969f3cef4b7c8fd3e78e31ef09565c5566d5ceabf076b4170eb6444a80",
                "sha256:6711b6d3a0007530ee7de7adc30a4c48a1d26ec6312ac50e1d1e0a1d54f9de5b",
                "sha256:685a7657278161628821c8f873c5d7d2ffc0c28866648e39f76b450e4c7d5390",
                "sha256:7629b33cf35f672efdd5269381f7e301958ee2638f27dfc63b80c5bfeaa827d3",
                "sha256:786adb0571f75114e9c5f7a31dd2e6eb39a9791f22c8757621545e2ded3ea367",
                "sha256:7a90549dfc8ee3822fcad6da957de07d927e4e90ef42b3699543dee35ab2da13",
                "sha256:8ff471921b3b10ffb3ae6cbb598dd9c07d9dc030dee5aa167e7682b549c42f87",
                "sha256:90115d12ee545c21cc75521ef1bb3dd66aae8a378e9c2eb029c9f22df173c125",
                "sha256:91fa62d61b21f1878f140b10520f9de4a26a52672fbe407edfc7e09ca2eff235",
                "sha256:9c214b341f5304b906c79844e2787c13b46505df9dc70afca79a9a7dc0894478",
                "sha256:a47903d104469a7a8b6f22ad5ef74681b19c4f4b71ff2c2893271b53161a43e4",
                "sha256:a61179df454a0d4b06a111c4ede0536f61c8121b4c0d0d02d23560a2fd4b3aff",
                "sha256:a8807ebf324dd11e1298a91a92d6e57c7bdabb91d0d5240bf1efa0c0eacd86f0",
                "sha256:b36e6330471061cfd78aad751e24c6b4f56d575697af0fbab42655128927d296",
                "sha256:b61a7c841a752c84b685674aa0d610289faad38795b325176481abe19b487e98",
                "sha256:cc387d0d8bddbf3609ab95b3453296e4c9ff92c35e9799a17d86b1571d77a5fc",
                "sha256:d79370f78e9013b9d1e867c85ecc678d46a7ae0f01a8ca29e8f4291e5373b170",
                "sha256:ef2ddeceff482aee17c1e185f63bf027c8de8f595fdd9fd2d2503de96008f3b7",
                "sha256:f8ea67bf8c47ee55cb1b32c97fa1474b7d6d22959dd8097c019a5d9c9df34f5f",
                "sha256:fe98277a7b3b4987b40c928056bbaae1d0715022cf27bba89d05cd0d4fe51a84"
            ],
            "index": "pypi",
            "version": "==3.8.3"
        },
        "idna": {
            "hashes": [
                "sha256:b307872f855b18632ce0c21c5e45be78c0ea7ae4c15c828c20788b26921eb3f6",
                "sha256:b97d804b1e9b523befed77c48dacec60e6dcb0b5391d57af6a65a312a90648c0"
            ],
            "index": "pypi",
            "version": "==2.10"
        },
        "joblib": {
            "hashes": [
                "sha256:698c311779f347cf6b7e6b8a39bb682277b8ee4aba8cf9507bc0cf4cd4737b72",
                "sha256:9e284edd6be6b71883a63c9b7f124738a3c16195513ad940eae7e3438de885d5"
            ],
            "markers": "python_version >= '3.6'",
            "version": "==0.17.0"
        },
        "murmurhash": {
            "hashes": [
                "sha256:01f1aefaeaa8abf5ad102064bdbb7c1a2542240b105c0a13ee0cc81aea3dc081",
                "sha256:2290e509ecbb8e79903e7859d9ec57b26f2019a8ffcaefab56862aa05f09e481",
                "sha256:3736e65a926e4093e2adb9397394fb01b193b37b93b8a3eb16053401dea36840",
                "sha256:40172b79dcccbf36f861429102df4bdb16e22dc14aecfe8c83fd414d92787516",
                "sha256:422084ac1fe994cb7c893689c600923dee4e2c3fc74e832f7d9a8d6fdcc362d5",
                "sha256:64bdc91f13cbe24f5f631e82d3c1a8f621ee7a8ce4965cb4a50a29ab6363fa95",
                "sha256:7cfeaf95bc2e9192b9f4d44a71ad117462578cb021c441fc8938cc809e518a0f",
                "sha256:81998ffd671164e9c4bc48cba61d912c1cb6555226177985045b8c9845772817",
                "sha256:9086d0589b6afe24601c1d3e8eb55d9705fdb3d86c24fdfd97a85a3063274edf",
                "sha256:92145fb1f3ae037c7a3b192ef1beca69c66389fca1e48ca35da56cae899a6e9f",
                "sha256:9ae4a4e27cbfbc777cbf88ce863c8dc4ee3d9a6081a9a6a579592e25ebd874a5",
                "sha256:aebeb840c68af1998cb94dcae213fed3f62041cf21e9adfe41288a482a2a8f35",
                "sha256:bf8edbbad46a27fd32f44a7dec287cc012ce14c36eafba2e6c46564bfc3bfbb5",
                "sha256:bfc0c9cf921045e001fe4fab32c77cf8a8c4f94fb1445d348df7d7ec862bb3ee",
                "sha256:c580e2df61bc9bdcd709edb01139070218071ae4768f4f7e81f6df773e1578aa",
                "sha256:ce523418041baac542aaf48612d6fb47be3e14dffdc1273ce32197a1be565369",
                "sha256:de421d1e615d7c6560b3bfa447487bb6cd413ec94a7430b8a5c465abea795f8a"
            ],
            "version": "==1.0.4"
        },
        "nltk": {
            "hashes": [
                "sha256:845365449cd8c5f9731f7cb9f8bd6fd0767553b9d53af9eb1b3abf7700936b35"
            ],
            "index": "pypi",
            "version": "==3.5"
        },
        "numpy": {
            "hashes": [
                "sha256:08308c38e44cc926bdfce99498b21eec1f848d24c302519e64203a8da99a97db",
                "sha256:09c12096d843b90eafd01ea1b3307e78ddd47a55855ad402b157b6c4862197ce",
                "sha256:13d166f77d6dc02c0a73c1101dd87fdf01339febec1030bd810dcd53fff3b0f1",
                "sha256:141ec3a3300ab89c7f2b0775289954d193cc8edb621ea05f99db9cb181530512",
                "sha256:16c1b388cc31a9baa06d91a19366fb99ddbe1c7b205293ed072211ee5bac1ed2",
                "sha256:18bed2bcb39e3f758296584337966e68d2d5ba6aab7e038688ad53c8f889f757",
                "sha256:1aeef46a13e51931c0b1cf8ae1168b4a55ecd282e6688fdb0a948cc5a1d5afb9",
                "sha256:27d3f3b9e3406579a8af3a9f262f5339005dd25e0ecf3cf1559ff8a49ed5cbf2",
                "sha256:2a2740aa9733d2e5b2dfb33639d98a64c3b0f24765fed86b0fd2aec07f6a0a08",
                "sha256:4377e10b874e653fe96985c05feed2225c912e328c8a26541f7fc600fb9c637b",
                "sha256:448ebb1b3bf64c0267d6b09a7cba26b5ae61b6d2dbabff7c91b660c7eccf2bdb",
                "sha256:50e86c076611212ca62e5a59f518edafe0c0730f7d9195fec718da1a5c2bb1fc",
                "sha256:5734bdc0342aba9dfc6f04920988140fb41234db42381cf7ccba64169f9fe7ac",
                "sha256:64324f64f90a9e4ef732be0928be853eee378fd6a01be21a0a8469c4f2682c83",
                "sha256:6ae6c680f3ebf1cf7ad1d7748868b39d9f900836df774c453c11c5440bc15b36",
                "sha256:6d7593a705d662be5bfe24111af14763016765f43cb6923ed86223f965f52387",
                "sha256:8cac8790a6b1ddf88640a9267ee67b1aee7a57dfa2d2dd33999d080bc8ee3a0f",
                "sha256:8ece138c3a16db8c1ad38f52eb32be6086cc72f403150a79336eb2045723a1ad",
                "sha256:9eeb7d1d04b117ac0d38719915ae169aa6b61fca227b0b7d198d43728f0c879c",
                "sha256:a09f98011236a419ee3f49cedc9ef27d7a1651df07810ae430a6b06576e0b414",
                "sha256:a5d897c14513590a85774180be713f692df6fa8ecf6483e561a6d47309566f37",
                "sha256:ad6f2ff5b1989a4899bf89800a671d71b1612e5ff40866d1f4d8bcf48d4e5764",
                "sha256:c42c4b73121caf0ed6cd795512c9c09c52a7287b04d105d112068c1736d7c753",
                "sha256:cb1017eec5257e9ac6209ac172058c430e834d5d2bc21961dceeb79d111e5909",
                "sha256:d6c7bb82883680e168b55b49c70af29b84b84abb161cbac2800e8fcb6f2109b6",
                "sha256:e452dc66e08a4ce642a961f134814258a082832c78c90351b75c41ad16f79f63",
                "sha256:e5b6ed0f0b42317050c88022349d994fe72bfe35f5908617512cd8c8ef9da2a9",
                "sha256:e9b30d4bd69498fc0c3fe9db5f62fffbb06b8eb9321f92cc970f2969be5e3949",
                "sha256:ec149b90019852266fec2341ce1db513b843e496d5a8e8cdb5ced1923a92faab",
                "sha256:edb01671b3caae1ca00881686003d16c2209e07b7ef8b7639f1867852b948f7c",
                "sha256:f0d3929fe88ee1c155129ecd82f981b8856c5d97bcb0d5f23e9b4242e79d1de3",
                "sha256:f29454410db6ef8126c83bd3c968d143304633d45dc57b51252afbd79d700893",
                "sha256:fe45becb4c2f72a0907c1d0246ea6449fe7a9e2293bb0e11c4e9a32bb0930a15",
                "sha256:fedbd128668ead37f33917820b704784aff695e0019309ad446a6d0b065b57e4"
            ],
            "markers": "python_version >= '3.6'",
            "version": "==1.19.4"
        },
        "pandas": {
            "hashes": [
                "sha256:09e0503758ad61afe81c9069505f8cb8c1e36ea8cc1e6826a95823ef5b327daf",
                "sha256:0a11a6290ef3667575cbd4785a1b62d658c25a2fd70a5adedba32e156a8f1773",
                "sha256:0d9a38a59242a2f6298fff45d09768b78b6eb0c52af5919ea9e45965d7ba56d9",
                "sha256:112c5ba0f9ea0f60b2cc38c25f87ca1d5ca10f71efbee8e0f1bee9cf584ed5d5",
                "sha256:185cf8c8f38b169dbf7001e1a88c511f653fbb9dfa3e048f5e19c38049e991dc",
                "sha256:3aa8e10768c730cc1b610aca688f588831fa70b65a26cb549fbb9f35049a05e0",
                "sha256:41746d520f2b50409dffdba29a15c42caa7babae15616bcf80800d8cfcae3d3e",
                "sha256:43cea38cbcadb900829858884f49745eb1f42f92609d368cabcc674b03e90efc",
                "sha256:5378f58172bd63d8c16dd5d008d7dcdd55bf803fcdbe7da2dcb65dbbf322f05b",
                "sha256:54404abb1cd3f89d01f1fb5350607815326790efb4789be60508f458cdd5ccbf",
                "sha256:5dac3aeaac5feb1016e94bde851eb2012d1733a222b8afa788202b836c97dad5",
                "sha256:5fdb2a61e477ce58d3f1fdf2470ee142d9f0dde4969032edaf0b8f1a9dafeaa2",
                "sha256:6613c7815ee0b20222178ad32ec144061cb07e6a746970c9160af1ebe3ad43b4",
                "sha256:6d2b5b58e7df46b2c010ec78d7fb9ab20abf1d306d0614d3432e7478993fbdb0",
                "sha256:8a5d7e57b9df2c0a9a202840b2881bb1f7a648eba12dd2d919ac07a33a36a97f",
                "sha256:8b4c2055ebd6e497e5ecc06efa5b8aa76f59d15233356eb10dad22a03b757805",
                "sha256:a15653480e5b92ee376f8458197a58cca89a6e95d12cccb4c2d933df5cecc63f",
                "sha256:a7d2547b601ecc9a53fd41561de49a43d2231728ad65c7713d6b616cd02ddbed",
                "sha256:a979d0404b135c63954dea79e6246c45dd45371a88631cdbb4877d844e6de3b6",
                "sha256:b1f8111635700de7ac350b639e7e452b06fc541a328cf6193cf8fc638804bab8",
                "sha256:c5a3597880a7a29a31ebd39b73b2c824316ae63a05c3c8a5ce2aea3fc68afe35",
                "sha256:c681e8fcc47a767bf868341d8f0d76923733cbdcabd6ec3a3560695c69f14a1e",
                "sha256:cf135a08f306ebbcfea6da8bf775217613917be23e5074c69215b91e180caab4",
                "sha256:e2b8557fe6d0a18db4d61c028c6af61bfed44ef90e419ed6fadbdc079eba141e"
            ],
            "index": "pypi",
            "version": "==1.1.4"
        },
        "plac": {
            "hashes": [
                "sha256:398cb947c60c4c25e275e1f1dadf027e7096858fb260b8ece3b33bcff90d985f",
                "sha256:487e553017d419f35add346c4c09707e52fa53f7e7181ce1098ca27620e9ceee"
            ],
            "version": "==1.1.3"
        },
        "preshed": {
            "hashes": [
                "sha256:13a779205d55ce323976ac06df597f9ec2d6f0563ebcf5652176cf4520c7d540",
                "sha256:13de7525696fb7b1ab5d0dabca3cef49e17a49e662b9f651549ae2d953c3ad35",
                "sha256:15beb09341daab611fa3db79db7f0bcc7b2efdc5a99f417a6903e3d9d68a92db",
                "sha256:1df1b4452cbf4b8a36475e3025d2cfc3d44d1e1c5305163e119442a331b173ae",
                "sha256:496edf5de0065481272914f02173d80dc80d6dccf2372af67d8d62b415ac3aa9",
                "sha256:4e71b88ae027bd23d40f4f7b3e73d93479346abfec78cadea312d11d610e90f9",
                "sha256:606516fd7166ac42406d1b54941aa2b443f4fa1eee11edfa37d9646ac36010a1",
                "sha256:6dd33a8d88cbe77ef5592366891c491462225b7cb66499e35d63e4f9900e16ff",
                "sha256:717b76ebbda8dd458f0f345f514fb9b62a1507352555a00b9332eb54cc4f35d4",
                "sha256:8604bd028e94539061441cef926293efcdd9fd0b7a1f5bc4ac3cdb6400c83a9b",
                "sha256:9c04c80314423e18fcfb1a7198c98bb8885d3b843546561be96cba45d8d17ad1",
                "sha256:a11cb04a47cc1ff08765a8cd2ee1849e49970dda85c73c2a72f7e130ba6073ba",
                "sha256:c777b7603755e9cca67067d4382bde8ba01221e3f6b06f65ba832fc6135258d9",
                "sha256:cbf3d38278fb6d20dd67e624651e296d0c734c4107f1c1a67c97ee578ce6e813",
                "sha256:dbbf660802ce87bcff683e89297dbf52a83ea260b94ec56ef1c2996bf967ad1a",
                "sha256:eb4cd05415ce15a483eb2526304df4f98a17aea6ba80564fcdbf55f718f661a0",
                "sha256:f415f994f422125d7c5a4718a3e4f57f0dfe0bde719799c5128761ab90b1f3b6"
            ],
            "version": "==3.0.4"
        },
        "python-dateutil": {
            "hashes": [
                "sha256:73ebfe9dbf22e832286dafa60473e4cd239f8592f699aa5adaf10050e6e1823c",
                "sha256:75bb3f31ea686f1197762692a9ee6a7550b59fc6ca3a1f4b5d7e32fb98e2da2a"
            ],
            "markers": "python_version >= '2.7' and python_version not in '3.0, 3.1, 3.2, 3.3'",
            "version": "==2.8.1"
        },
        "pytz": {
            "hashes": [
                "sha256:a494d53b6d39c3c6e44c3bec237336e14305e4f29bbf800b599253057fbb79ed",
                "sha256:c35965d010ce31b23eeb663ed3cc8c906275d6be1a34393a1d73a41febf4a048"
            ],
            "index": "pypi",
            "version": "==2020.1"
        },
        "razorpay": {
            "hashes": [
                "sha256:0bea9e11aca8024af0cd741b779cb6d3b0a689a8488e21b5e4b345f8840a0fe4",
                "sha256:8bae5ba6e3d8c7aebf7e4b297d15dfdb4a4b05e6fabd8d56405ac0d2677539bd"
            ],
            "index": "pypi",
            "version": "==1.2.0"
        },
        "regex": {
            "hashes": [
                "sha256:02951b7dacb123d8ea6da44fe45ddd084aa6777d4b2454fa0da61d569c6fa538",
                "sha256:0d08e71e70c0237883d0bef12cad5145b84c3705e9c6a588b2a9c7080e5af2a4",
                "sha256:1862a9d9194fae76a7aaf0150d5f2a8ec1da89e8b55890b1786b8f88a0f619dc",
                "sha256:1ab79fcb02b930de09c76d024d279686ec5d532eb814fd0ed1e0051eb8bd2daa",
                "sha256:1fa7ee9c2a0e30405e21031d07d7ba8617bc590d391adfc2b7f1e8b99f46f444",
                "sha256:262c6825b309e6485ec2493ffc7e62a13cf13fb2a8b6d212f72bd53ad34118f1",
                "sha256:2a11a3e90bd9901d70a5b31d7dd85114755a581a5da3fc996abfefa48aee78af",
                "sha256:2c99e97d388cd0a8d30f7c514d67887d8021541b875baf09791a3baad48bb4f8",
                "sha256:3128e30d83f2e70b0bed9b2a34e92707d0877e460b402faca908c6667092ada9",
                "sha256:38c8fd190db64f513fe4e1baa59fed086ae71fa45083b6936b52d34df8f86a88",
                "sha256:3bddc701bdd1efa0d5264d2649588cbfda549b2899dc8d50417e47a82e1387ba",
                "sha256:4902e6aa086cbb224241adbc2f06235927d5cdacffb2425c73e6570e8d862364",
                "sha256:49cae022fa13f09be91b2c880e58e14b6da5d10639ed45ca69b85faf039f7a4e",
                "sha256:56e01daca75eae420bce184edd8bb341c8eebb19dd3bce7266332258f9fb9dd7",
                "sha256:5862975b45d451b6db51c2e654990c1820523a5b07100fc6903e9c86575202a0",
                "sha256:6a8ce43923c518c24a2579fda49f093f1397dad5d18346211e46f134fc624e31",
                "sha256:6c54ce4b5d61a7129bad5c5dc279e222afd00e721bf92f9ef09e4fae28755683",
                "sha256:6e4b08c6f8daca7d8f07c8d24e4331ae7953333dbd09c648ed6ebd24db5a10ee",
                "sha256:717881211f46de3ab130b58ec0908267961fadc06e44f974466d1887f865bd5b",
                "sha256:749078d1eb89484db5f34b4012092ad14b327944ee7f1c4f74d6279a6e4d1884",
                "sha256:7913bd25f4ab274ba37bc97ad0e21c31004224ccb02765ad984eef43e04acc6c",
                "sha256:7a25fcbeae08f96a754b45bdc050e1fb94b95cab046bf56b016c25e9ab127b3e",
                "sha256:83d6b356e116ca119db8e7c6fc2983289d87b27b3fac238cfe5dca529d884562",
                "sha256:8b882a78c320478b12ff024e81dc7d43c1462aa4a3341c754ee65d857a521f85",
                "sha256:8f6a2229e8ad946e36815f2a03386bb8353d4bde368fdf8ca5f0cb97264d3b5c",
                "sha256:9801c4c1d9ae6a70aeb2128e5b4b68c45d4f0af0d1535500884d644fa9b768c6",
                "sha256:a15f64ae3a027b64496a71ab1f722355e570c3fac5ba2801cafce846bf5af01d",
                "sha256:a3d748383762e56337c39ab35c6ed4deb88df5326f97a38946ddd19028ecce6b",
                "sha256:a63f1a07932c9686d2d416fb295ec2c01ab246e89b4d58e5fa468089cab44b70",
                "sha256:b2b1a5ddae3677d89b686e5c625fc5547c6e492bd755b520de5332773a8af06b",
                "sha256:b2f4007bff007c96a173e24dcda236e5e83bde4358a557f9ccf5e014439eae4b",
                "sha256:baf378ba6151f6e272824b86a774326f692bc2ef4cc5ce8d5bc76e38c813a55f",
                "sha256:bafb01b4688833e099d79e7efd23f99172f501a15c44f21ea2118681473fdba0",
                "sha256:bba349276b126947b014e50ab3316c027cac1495992f10e5682dc677b3dfa0c5",
                "sha256:c084582d4215593f2f1d28b65d2a2f3aceff8342aa85afd7be23a9cad74a0de5",
                "sha256:d1ebb090a426db66dd80df8ca85adc4abfcbad8a7c2e9a5ec7513ede522e0a8f",
                "sha256:d2d8ce12b7c12c87e41123997ebaf1a5767a5be3ec545f64675388970f415e2e",
                "sha256:e32f5f3d1b1c663af7f9c4c1e72e6ffe9a78c03a31e149259f531e0fed826512",
                "sha256:e3faaf10a0d1e8e23a9b51d1900b72e1635c2d5b0e1bea1c18022486a8e2e52d",
                "sha256:f7d29a6fc4760300f86ae329e3b6ca28ea9c20823df123a2ea8693e967b29917",
                "sha256:f8f295db00ef5f8bae530fc39af0b40486ca6068733fb860b42115052206466f"
            ],
            "version": "==2020.11.13"
        },
        "requests": {
            "hashes": [
                "sha256:b3559a131db72c33ee969480840fff4bb6dd111de7dd27c8ee1f820f4f00231b",
                "sha256:fe75cc94a9443b9246fc7049224f75604b113c36acb93f87b80ed42c44cbb898"
            ],
            "index": "pypi",
            "version": "==2.24.0"
        },
        "scipy": {
            "hashes": [
                "sha256:168c45c0c32e23f613db7c9e4e780bc61982d71dcd406ead746c7c7c2f2004ce",
                "sha256:213bc59191da2f479984ad4ec39406bf949a99aba70e9237b916ce7547b6ef42",
                "sha256:25b241034215247481f53355e05f9e25462682b13bd9191359075682adcd9554",
                "sha256:2c872de0c69ed20fb1a9b9cf6f77298b04a26f0b8720a5457be08be254366c6e",
                "sha256:3397c129b479846d7eaa18f999369a24322d008fac0782e7828fa567358c36ce",
                "sha256:368c0f69f93186309e1b4beb8e26d51dd6f5010b79264c0f1e9ca00cd92ea8c9",
                "sha256:3d5db5d815370c28d938cf9b0809dade4acf7aba57eaf7ef733bfedc9b2474c4",
                "sha256:4598cf03136067000855d6b44d7a1f4f46994164bcd450fb2c3d481afc25dd06",
                "sha256:4a453d5e5689de62e5d38edf40af3f17560bfd63c9c5bd228c18c1f99afa155b",
                "sha256:4f12d13ffbc16e988fa40809cbbd7a8b45bc05ff6ea0ba8e3e41f6f4db3a9e47",
                "sha256:634568a3018bc16a83cda28d4f7aed0d803dd5618facb36e977e53b2df868443",
                "sha256:65923bc3809524e46fb7eb4d6346552cbb6a1ffc41be748535aa502a2e3d3389",
                "sha256:6b0ceb23560f46dd236a8ad4378fc40bad1783e997604ba845e131d6c680963e",
                "sha256:8c8d6ca19c8497344b810b0b0344f8375af5f6bb9c98bd42e33f747417ab3f57",
                "sha256:9ad4fcddcbf5dc67619379782e6aeef41218a79e17979aaed01ed099876c0e62",
                "sha256:a254b98dbcc744c723a838c03b74a8a34c0558c9ac5c86d5561703362231107d",
                "sha256:b03c4338d6d3d299e8ca494194c0ae4f611548da59e3c038813f1a43976cb437",
                "sha256:cc1f78ebc982cd0602c9a7615d878396bec94908db67d4ecddca864d049112f2",
                "sha256:d6d25c41a009e3c6b7e757338948d0076ee1dd1770d1c09ec131f11946883c54",
                "sha256:d84cadd7d7998433334c99fa55bcba0d8b4aeff0edb123b2a1dfcface538e474",
                "sha256:e360cb2299028d0b0d0f65a5c5e51fc16a335f1603aa2357c25766c8dab56938",
                "sha256:e98d49a5717369d8241d6cf33ecb0ca72deee392414118198a8e5b4c35c56340",
                "sha256:ed572470af2438b526ea574ff8f05e7f39b44ac37f712105e57fc4d53a6fb660",
                "sha256:f87b39f4d69cf7d7529d7b1098cb712033b17ea7714aed831b95628f483fd012",
                "sha256:fa789583fc94a7689b45834453fec095245c7e69c58561dc159b5d5277057e4c"
            ],
            "markers": "python_version >= '3.6'",
            "version": "==1.5.4"
        },
        "six": {
            "hashes": [
                "sha256:30639c035cdb23534cd4aa2dd52c3bf48f06e5f4a941509c8bafd8ce11080259",
                "sha256:8b74bedcbbbaca38ff6d7491d76f2b06b3592611af620f8426e82dddb04a5ced"
            ],
            "markers": "python_version >= '2.7' and python_version not in '3.0, 3.1, 3.2, 3.3'",
            "version": "==1.15.0"
        },
        "smart-open": {
            "hashes": [
                "sha256:49396d86de8e0d609ec40422c59f837dd944dcdf727feed6f2ff8cbdc0e3bc8e"
            ],
            "markers": "python_version >= '3.6'",
            "version": "==4.0.1"
        },
        "spacy": {
            "hashes": [
                "sha256:0bb16dcbd34d602ae2a47a28f721c581039ff75c25fb851331f72dc56af9920d",
                "sha256:0ecbebc676113614feee1f585541d018cc1e3a16be9369496f502f72a2cd7eca",
                "sha256:1a58c5f99feee4324b9fbf060f7518715821ca9bde0da3d3b457aea834ac5521",
                "sha256:1be8582246c3ad9c706f2e660c057ef2219e32c5f65514ef91940a3a91e70119",
                "sha256:2d2f2abd6c58aeb499cd66438ffadbde1bd1534b1834e4f220032bc504735c96",
                "sha256:64ebb8a5621e138d2f7817a0d7cd6245f2eb5c3b59500d34cb317b9cbe9649ec",
                "sha256:a2b06e532d72e50c2fb2249dc689af9a5462439019b039314d898616d6832c07",
                "sha256:a40eafd971ca537b4a224e54c51936c1a114ff4ed11e884af3b0e8bd86ee94b3",
                "sha256:a5c8805759114aac3a1db1b20f42af1124da5315be903ccb4c472cc8452393fb",
                "sha256:acb18555935cc913ca92e5561358f097289a4a76af915ee22073ed6e89fe2bd3",
                "sha256:bf257550383bfc0c2fd54b38386f6b970dc45dd2a570a72fcace340fe7579b3c",
                "sha256:c5d09b613f65f2024e30dab7ef9a3f69195bb221443ac573e75dad17939c61ba",
                "sha256:e49b22e2f3ab35a2c18cf28932ba258b2c5168d681e92e35a7c18131100301a9"
            ],
            "index": "pypi",
            "version": "==2.3.4"
        },
        "sqlparse": {
            "hashes": [
                "sha256:022fb9c87b524d1f7862b3037e541f68597a730a8843245c349fc93e1643dc4e",
                "sha256:e162203737712307dfe78860cc56c8da8a852ab2ee33750e33aeadf38d12c548"
            ],
            "index": "pypi",
            "version": "==0.3.1"
        },
        "srsly": {
            "hashes": [
                "sha256:02acfa09769380023e9bbed5c63f5f41b04dbc13ff392a7284df685127d224ae",
                "sha256:2ae6327e013934126f2b7082ce36284785eed951635ac99c73e39de75ecd1345",
                "sha256:2b9e2b7c00e522d6e54952564d702e72bc4729cc828e27a01b4dac70b870d44a",
                "sha256:39a8bd6b383b4ea5c3a6793d790e1356e236701f421badef278a0ea80bc95d30",
                "sha256:3f46e5efbbb0e857f302394257539aae4487c201cdafc3519db4bde897341fee",
                "sha256:4b8bd311fa20fa5d1a0deac0dd8f3c43c7ca23df2c483a7102d96acf2cddb506",
                "sha256:660b80ffa3ea4ef9db254e5a22d2f52294f15342910c3274844a8f5a81369cbc",
                "sha256:713766bf4289ebe6f21d1e5203b6b75f71fd4512e877dbe5a3f660b4a51d77ac",
                "sha256:9ca5633a5303ce0d0b84d1bdb6d029f665ba2b7d320f5482525b125ddfb8a390",
                "sha256:b4fb0ff57e25a99e9ac9a61b262478efe8493b3cff0f50812c09534c76688b0b",
                "sha256:c1fa001bbd87a771998c8e2487991fc0dfe16edc09e3dec0d64f9472832f89bd",
                "sha256:deee259837443ea8a4c194967f56eb62809c3cf3a11cd9d4f425de4aea5ecb81",
                "sha256:f7aee40cd66f190e7694d7e7c83be018b1a7b9546a305db52c8793d93b1d0a7e"
            ],
            "version": "==1.0.4"
        },
        "thinc": {
            "hashes": [
                "sha256:16002dc0feb941d4fc985cee90a0af8081190d098247d4e7f6db7d3da1ae0222",
                "sha256:187b8245124305b0a709a7f7c79775742c270d6c176a3879afecdaadcfb92fb4",
                "sha256:1e516f78d63ab710fcea49f0eed1c8068f2ca29ce5c6323a2a23fb8140fceb45",
                "sha256:241b8c9e9e068d1728e1fb97d95bfc4a956a8eebb40c63ecbe68aad416dac26c",
                "sha256:2ea3fd503974078a24a9f3d07c49d2adf4f0252530780eda38de3bf6517237e2",
                "sha256:312bbb18f668e190b14563c2d38928d187faaef69217ea5ff4d7e0d6e2e1f21c",
                "sha256:39405be25a5d232e4fb6e1d4830568bd826867d43878d093497c9db277f3e90f",
                "sha256:63471847f282ca2f2b2f88d3e6fb15240f4ea0ec6931549ddceb57967deeca18",
                "sha256:862e846033a31644be600c7f9606a965e913bcc42a45cad64a0c77c81c677bdf",
                "sha256:9e4772c1094b2997394fe95377eb76e15c2a2f50cdb46e2351442a8a9c370146",
                "sha256:c98491b083165f48bda95f5533f7d9dbd3980d32ad621bfe579ff08ef625a4d3",
                "sha256:d28d5b300f7e18fa143b3efba0c9321e886fa6ec36a553fac5b32f686df6584a",
                "sha256:e609261414e6978692c17b9ae091925edf3361b47c8f8c086390684ce604805f"
            ],
            "version": "==7.4.3"
        },
        "tqdm": {
            "hashes": [
                "sha256:5c0d04e06ccc0da1bd3fa5ae4550effcce42fcad947b4a6cafa77bdc9b09ff22",
                "sha256:9e7b8ab0ecbdbf0595adadd5f0ebbb9e69010e0bd48bbb0c15e550bf2a5292df"
            ],
            "markers": "python_version >= '2.7' and python_version not in '3.0, 3.1, 3.2, 3.3'",
            "version": "==4.54.0"
        },
        "urllib3": {
            "hashes": [
                "sha256:8d7eaa5a82a1cac232164990f04874c594c9453ec55eef02eab885aa02fc17a2",
                "sha256:f5321fbe4bf3fefa0efd0bfe7fb14e90909eb62a48ccda331726b4319897dd5e"
            ],
            "index": "pypi",
            "version": "==1.25.11"
        },
        "wasabi": {
            "hashes": [
                "sha256:75fec6db6193c8615d7f398ae4aa2c4ad294e6e3e81c6a6dbbbd3864ee2223c3",
                "sha256:98bc9c492c6aa8628303a02961a5cfa7b0c7fa6d2b397abdeb0adc4b39397c49"
            ],
            "version": "==0.8.0"
        },
        "xmltodict": {
            "hashes": [
                "sha256:50d8c638ed7ecb88d90561beedbf720c9b4e851a9fa6c47ebd64e99d166d8a21",
                "sha256:8bbcb45cc982f48b2ca8fe7e7827c5d792f217ecf1792626f808bf41c3b86051"
            ],
            "index": "pypi",
            "version": "==0.12.0"
        }
    },
    "develop": {}
}
